
Microsoft Visual Studio Solution File, Format Version 12.00
# Visual Studio Version 17
VisualStudioVersion = 17.13.35828.75 d17.13
MinimumVisualStudioVersion = 10.0.40219.1
Project("{FAE04EC0-301F-11D3-BF4B-00C04F79EFBC}") = "ProducerConsole", "ProducerConsole\ProducerConsole.csproj", "{7CD6D183-AD30-413D-9B5D-8974CD6BD42D}"
EndProject
Project("{FAE04EC0-301F-11D3-BF4B-00C04F79EFBC}") = "Receiver1Console", "ConsumerConsole\Receiver1Console.csproj", "{9B89232D-2094-46D1-B3EB-09DD41891FC2}"
EndProject
Project("{FAE04EC0-301F-11D3-BF4B-00C04F79EFBC}") = "Receiver2Console", "Receiver2Console\Receiver2Console.csproj", "{616C006F-C0D8-4286-B7F8-F5691CEF152F}"
EndProject
Global
	GlobalSection(SolutionConfigurationPlatforms) = preSolution
		Debug|Any CPU = Debug|Any CPU
		Release|Any CPU = Release|Any CPU
	EndGlobalSection
	GlobalSection(ProjectConfigurationPlatforms) = postSolution
		{7CD6D183-AD30-413D-9B5D-8974CD6BD42D}.Debug|Any CPU.ActiveCfg = Debug|Any CPU
		{7CD6D183-AD30-413D-9B5D-8974CD6BD42D}.Debug|Any CPU.Build.0 = Debug|Any CPU
		{7CD6D183-AD30-413D-9B5D-8974CD6BD42D}.Release|Any CPU.ActiveCfg = Release|Any CPU
		{7CD6D183-AD30-413D-9B5D-8974CD6BD42D}.Release|Any CPU.Build.0 = Release|Any CPU
		{9B89232D-2094-46D1-B3EB-09DD41891FC2}.Debug|Any CPU.ActiveCfg = Debug|Any CPU
		{9B89232D-2094-46D1-B3EB-09DD41891FC2}.Debug|Any CPU.Build.0 = Debug|Any CPU
		{9B89232D-2094-46D1-B3EB-09DD41891FC2}.Release|Any CPU.ActiveCfg = Release|Any CPU
		{9B89232D-2094-46D1-B3EB-09DD41891FC2}.Release|Any CPU.Build.0 = Release|Any CPU
		{616C006F-C0D8-4286-B7F8-F5691CEF152F}.Debug|Any CPU.ActiveCfg = Debug|Any CPU
		{616C006F-C0D8-4286-B7F8-F5691CEF152F}.Debug|Any CPU.Build.0 = Debug|Any CPU
		{616C006F-C0D8-4286-B7F8-F5691CEF152F}.Release|Any CPU.ActiveCfg = Release|Any CPU
		{616C006F-C0D8-4286-B7F8-F5691CEF152F}.Release|Any CPU.Build.0 = Release|Any CPU
	EndGlobalSection
	GlobalSection(SolutionProperties) = preSolution
		HideSolutionNode = FALSE
	EndGlobalSection
	GlobalSection(ExtensibilityGlobals) = postSolution
		SolutionGuid = {AEE6FF0A-EC59-4690-A56A-5A01DD6159E1}
	EndGlobalSection
EndGlobal
